
Microsoft Visual Studio Solution File, Format Version 12.00
# Visual Studio Version 17
VisualStudioVersion = 17.7.34018.315
MinimumVisualStudioVersion = 10.0.40219.1
Project("{2150E333-8FDC-42A3-9474-1A3956D46DE8}") = "src", "src", "{346050FF-C6AF-4D06-A293-99C42194D9B0}"
EndProject
Project("{9A19103F-16F7-4668-BE54-9A1E7A4F7556}") = "GPS.Api", "GPS.Api\GPS.Api.csproj", "{947FE519-76F0-4213-890D-D68F73AF6541}"
EndProject
Project("{9A19103F-16F7-4668-BE54-9A1E7A4F7556}") = "GPS.Core", "GPS.Core\GPS.Core.csproj", "{84C57562-6212-4706-8596-3A961574F1EE}"
EndProject
Project("{9A19103F-16F7-4668-BE54-9A1E7A4F7556}") = "GPS.Persistence", "GPS.Persistance\GPS.Persistence.csproj", "{AAD35A36-E69A-427F-AF9E-F5267924BF79}"
EndProject
Project("{9A19103F-16F7-4668-BE54-9A1E7A4F7556}") = "GPS.Infrastructure", "GPS.Infrastructure\GPS.Infrastructure.csproj", "{76527486-814A-463F-A798-24204BBEE5C6}"
EndProject
Project("{9A19103F-16F7-4668-BE54-9A1E7A4F7556}") = "GPS.Application", "GPS.Application\GPS.Application.csproj", "{75F24194-8945-48AB-BA88-6AEF1B115C1B}"
EndProject
Project("{9A19103F-16F7-4668-BE54-9A1E7A4F7556}") = "GPS.Web", "GPS.Web\GPS.Web.csproj", "{341E1324-4514-4B89-A1F0-155EDE555CC6}"
EndProject
Global
	GlobalSection(SolutionConfigurationPlatforms) = preSolution
		Debug|Any CPU = Debug|Any CPU
		Release|Any CPU = Release|Any CPU
	EndGlobalSection
	GlobalSection(ProjectConfigurationPlatforms) = postSolution
		{947FE519-76F0-4213-890D-D68F73AF6541}.Debug|Any CPU.ActiveCfg = Debug|Any CPU
		{947FE519-76F0-4213-890D-D68F73AF6541}.Debug|Any CPU.Build.0 = Debug|Any CPU
		{947FE519-76F0-4213-890D-D68F73AF6541}.Release|Any CPU.ActiveCfg = Release|Any CPU
		{947FE519-76F0-4213-890D-D68F73AF6541}.Release|Any CPU.Build.0 = Release|Any CPU
		{84C57562-6212-4706-8596-3A961574F1EE}.Debug|Any CPU.ActiveCfg = Debug|Any CPU
		{84C57562-6212-4706-8596-3A961574F1EE}.Debug|Any CPU.Build.0 = Debug|Any CPU
		{84C57562-6212-4706-8596-3A961574F1EE}.Release|Any CPU.ActiveCfg = Release|Any CPU
		{84C57562-6212-4706-8596-3A961574F1EE}.Release|Any CPU.Build.0 = Release|Any CPU
		{AAD35A36-E69A-427F-AF9E-F5267924BF79}.Debug|Any CPU.ActiveCfg = Debug|Any CPU
		{AAD35A36-E69A-427F-AF9E-F5267924BF79}.Debug|Any CPU.Build.0 = Debug|Any CPU
		{AAD35A36-E69A-427F-AF9E-F5267924BF79}.Release|Any CPU.ActiveCfg = Release|Any CPU
		{AAD35A36-E69A-427F-AF9E-F5267924BF79}.Release|Any CPU.Build.0 = Release|Any CPU
		{76527486-814A-463F-A798-24204BBEE5C6}.Debug|Any CPU.ActiveCfg = Debug|Any CPU
		{76527486-814A-463F-A798-24204BBEE5C6}.Debug|Any CPU.Build.0 = Debug|Any CPU
		{76527486-814A-463F-A798-24204BBEE5C6}.Release|Any CPU.ActiveCfg = Release|Any CPU
		{76527486-814A-463F-A798-24204BBEE5C6}.Release|Any CPU.Build.0 = Release|Any CPU
		{75F24194-8945-48AB-BA88-6AEF1B115C1B}.Debug|Any CPU.ActiveCfg = Debug|Any CPU
		{75F24194-8945-48AB-BA88-6AEF1B115C1B}.Debug|Any CPU.Build.0 = Debug|Any CPU
		{75F24194-8945-48AB-BA88-6AEF1B115C1B}.Release|Any CPU.ActiveCfg = Release|Any CPU
		{75F24194-8945-48AB-BA88-6AEF1B115C1B}.Release|Any CPU.Build.0 = Release|Any CPU
		{341E1324-4514-4B89-A1F0-155EDE555CC6}.Debug|Any CPU.ActiveCfg = Debug|Any CPU
		{341E1324-4514-4B89-A1F0-155EDE555CC6}.Debug|Any CPU.Build.0 = Debug|Any CPU
		{341E1324-4514-4B89-A1F0-155EDE555CC6}.Release|Any CPU.ActiveCfg = Release|Any CPU
		{341E1324-4514-4B89-A1F0-155EDE555CC6}.Release|Any CPU.Build.0 = Release|Any CPU
	EndGlobalSection
	GlobalSection(SolutionProperties) = preSolution
		HideSolutionNode = FALSE
	EndGlobalSection
	GlobalSection(NestedProjects) = preSolution
		{947FE519-76F0-4213-890D-D68F73AF6541} = {346050FF-C6AF-4D06-A293-99C42194D9B0}
		{84C57562-6212-4706-8596-3A961574F1EE} = {346050FF-C6AF-4D06-A293-99C42194D9B0}
		{AAD35A36-E69A-427F-AF9E-F5267924BF79} = {346050FF-C6AF-4D06-A293-99C42194D9B0}
		{76527486-814A-463F-A798-24204BBEE5C6} = {346050FF-C6AF-4D06-A293-99C42194D9B0}
		{75F24194-8945-48AB-BA88-6AEF1B115C1B} = {346050FF-C6AF-4D06-A293-99C42194D9B0}
		{341E1324-4514-4B89-A1F0-155EDE555CC6} = {346050FF-C6AF-4D06-A293-99C42194D9B0}
	EndGlobalSection
	GlobalSection(ExtensibilityGlobals) = postSolution
		SolutionGuid = {96A5BC7B-B403-41D4-8A2C-6F229B775E31}
	EndGlobalSection
EndGlobal
